
Microsoft Visual Studio Solution File, Format Version 12.00
# Visual Studio 2013
VisualStudioVersion = 12.0.31101.0
MinimumVisualStudioVersion = 10.0.40219.1
Project("{FAE04EC0-301F-11D3-BF4B-00C04F79EFBC}") = "Service", "Agent\Service.csproj", "{13CACB84-3E3E-4724-987B-4CE54B3CA247}"
EndProject
Project("{FAE04EC0-301F-11D3-BF4B-00C04F79EFBC}") = "PerformanceMonitor", "PerformanceMonitor\PerformanceMonitor.csproj", "{62600C46-2750-471F-9C2F-21DDD6EE8D66}"
EndProject
Global
	GlobalSection(SolutionConfigurationPlatforms) = preSolution
		Debug|Any CPU = Debug|Any CPU
		Release|Any CPU = Release|Any CPU
	EndGlobalSection
	GlobalSection(ProjectConfigurationPlatforms) = postSolution
		{13CACB84-3E3E-4724-987B-4CE54B3CA247}.Debug|Any CPU.ActiveCfg = Debug|Any CPU
		{13CACB84-3E3E-4724-987B-4CE54B3CA247}.Debug|Any CPU.Build.0 = Debug|Any CPU
		{13CACB84-3E3E-4724-987B-4CE54B3CA247}.Release|Any CPU.ActiveCfg = Release|Any CPU
		{13CACB84-3E3E-4724-987B-4CE54B3CA247}.Release|Any CPU.Build.0 = Release|Any CPU
		{62600C46-2750-471F-9C2F-21DDD6EE8D66}.Debug|Any CPU.ActiveCfg = Debug|Any CPU
		{62600C46-2750-471F-9C2F-21DDD6EE8D66}.Debug|Any CPU.Build.0 = Debug|Any CPU
		{62600C46-2750-471F-9C2F-21DDD6EE8D66}.Release|Any CPU.ActiveCfg = Release|Any CPU
		{62600C46-2750-471F-9C2F-21DDD6EE8D66}.Release|Any CPU.Build.0 = Release|Any CPU
	EndGlobalSection
	GlobalSection(SolutionProperties) = preSolution
		HideSolutionNode = FALSE
	EndGlobalSection
EndGlobal
